
Microsoft Visual Studio Solution File, Format Version 12.00
# Visual Studio Version 16
VisualStudioVersion = 16.0.30804.86
MinimumVisualStudioVersion = 10.0.40219.1
Project("{9A19103F-16F7-4668-BE54-9A1E7A4F7556}") = "DiscordIPC", "DiscordIPC.csproj", "{46DCABD8-A909-4653-902C-F06F40495878}"
EndProject
Global
	GlobalSection(SolutionConfigurationPlatforms) = preSolution
		Debug|Any CPU = Debug|Any CPU
		Release|Any CPU = Release|Any CPU
	EndGlobalSection
	GlobalSection(ProjectConfigurationPlatforms) = postSolution
		{46DCABD8-A909-4653-902C-F06F40495878}.Debug|Any CPU.ActiveCfg = Debug|Any CPU
		{46DCABD8-A909-4653-902C-F06F40495878}.Debug|Any CPU.Build.0 = Debug|Any CPU
		{46DCABD8-A909-4653-902C-F06F40495878}.Release|Any CPU.ActiveCfg = Release|Any CPU
		{46DCABD8-A909-4653-902C-F06F40495878}.Release|Any CPU.Build.0 = Release|Any CPU
	EndGlobalSection
	GlobalSection(SolutionProperties) = preSolution
		HideSolutionNode = FALSE
	EndGlobalSection
	GlobalSection(ExtensibilityGlobals) = postSolution
		SolutionGuid = {4EA10C16-53A2-40E7-8FC8-84824225D860}
	EndGlobalSection
EndGlobal
